
Microsoft Visual Studio Solution File, Format Version 12.00
# Visual Studio Version 17
VisualStudioVersion = 17.9.34902.65
MinimumVisualStudioVersion = 10.0.40219.1
Project("{9A19103F-16F7-4668-BE54-9A1E7A4F7556}") = "SRP.Single Risponsibility Principle", "SRP.Single Risponsibility Prenciple\SRP.Single Risponsibility Principle.csproj", "{D61C9B2F-4320-4F18-BFFF-834C8A3A5FFF}"
EndProject
Project("{9A19103F-16F7-4668-BE54-9A1E7A4F7556}") = "OCP.Open Closed Prinsiple", "OCP.OpenClosePrensiple\OCP.Open Closed Prinsiple.csproj", "{45AF8CF1-E82A-47BF-AEAE-8FA7A856B41C}"
EndProject
Project("{9A19103F-16F7-4668-BE54-9A1E7A4F7556}") = "LSP.Liskov Substitution Principle", "LSP.Liskov Substitution Principle\LSP.Liskov Substitution Principle.csproj", "{43380B90-C89D-45A1-81A6-13CA56014E81}"
EndProject
Project("{FAE04EC0-301F-11D3-BF4B-00C04F79EFBC}") = "ISP.Interface Segregation Principle", "ISP.Interface Segregation Principle\ISP.Interface Segregation Principle.csproj", "{8C37E6D1-02AB-43D6-A2CB-EBFB77F39306}"
EndProject
Global
	GlobalSection(SolutionConfigurationPlatforms) = preSolution
		Debug|Any CPU = Debug|Any CPU
		Release|Any CPU = Release|Any CPU
	EndGlobalSection
	GlobalSection(ProjectConfigurationPlatforms) = postSolution
		{D61C9B2F-4320-4F18-BFFF-834C8A3A5FFF}.Debug|Any CPU.ActiveCfg = Debug|Any CPU
		{D61C9B2F-4320-4F18-BFFF-834C8A3A5FFF}.Debug|Any CPU.Build.0 = Debug|Any CPU
		{D61C9B2F-4320-4F18-BFFF-834C8A3A5FFF}.Release|Any CPU.ActiveCfg = Release|Any CPU
		{D61C9B2F-4320-4F18-BFFF-834C8A3A5FFF}.Release|Any CPU.Build.0 = Release|Any CPU
		{45AF8CF1-E82A-47BF-AEAE-8FA7A856B41C}.Debug|Any CPU.ActiveCfg = Debug|Any CPU
		{45AF8CF1-E82A-47BF-AEAE-8FA7A856B41C}.Debug|Any CPU.Build.0 = Debug|Any CPU
		{45AF8CF1-E82A-47BF-AEAE-8FA7A856B41C}.Release|Any CPU.ActiveCfg = Release|Any CPU
		{45AF8CF1-E82A-47BF-AEAE-8FA7A856B41C}.Release|Any CPU.Build.0 = Release|Any CPU
		{43380B90-C89D-45A1-81A6-13CA56014E81}.Debug|Any CPU.ActiveCfg = Debug|Any CPU
		{43380B90-C89D-45A1-81A6-13CA56014E81}.Debug|Any CPU.Build.0 = Debug|Any CPU
		{43380B90-C89D-45A1-81A6-13CA56014E81}.Release|Any CPU.ActiveCfg = Release|Any CPU
		{43380B90-C89D-45A1-81A6-13CA56014E81}.Release|Any CPU.Build.0 = Release|Any CPU
		{8C37E6D1-02AB-43D6-A2CB-EBFB77F39306}.Debug|Any CPU.ActiveCfg = Debug|Any CPU
		{8C37E6D1-02AB-43D6-A2CB-EBFB77F39306}.Debug|Any CPU.Build.0 = Debug|Any CPU
		{8C37E6D1-02AB-43D6-A2CB-EBFB77F39306}.Release|Any CPU.ActiveCfg = Release|Any CPU
		{8C37E6D1-02AB-43D6-A2CB-EBFB77F39306}.Release|Any CPU.Build.0 = Release|Any CPU
	EndGlobalSection
	GlobalSection(SolutionProperties) = preSolution
		HideSolutionNode = FALSE
	EndGlobalSection
	GlobalSection(ExtensibilityGlobals) = postSolution
		SolutionGuid = {D92F6A5F-51CA-49F3-96D5-6103F2DD2350}
	EndGlobalSection
EndGlobal
